
Microsoft Visual Studio Solution File, Format Version 12.00
# Visual Studio Version 17
VisualStudioVersion = 17.7.34031.279
MinimumVisualStudioVersion = 10.0.40219.1
Project("{9A19103F-16F7-4668-BE54-9A1E7A4F7556}") = "Final_project", "Final_project.csproj", "{C23F8CB4-B5C0-404E-BBC4-7C7FEDE6231F}"
EndProject
Global
	GlobalSection(SolutionConfigurationPlatforms) = preSolution
		Debug|Any CPU = Debug|Any CPU
		Release|Any CPU = Release|Any CPU
	EndGlobalSection
	GlobalSection(ProjectConfigurationPlatforms) = postSolution
		{C23F8CB4-B5C0-404E-BBC4-7C7FEDE6231F}.Debug|Any CPU.ActiveCfg = Debug|Any CPU
		{C23F8CB4-B5C0-404E-BBC4-7C7FEDE6231F}.Debug|Any CPU.Build.0 = Debug|Any CPU
		{C23F8CB4-B5C0-404E-BBC4-7C7FEDE6231F}.Debug|Any CPU.Deploy.0 = Debug|Any CPU
		{C23F8CB4-B5C0-404E-BBC4-7C7FEDE6231F}.Release|Any CPU.ActiveCfg = Release|Any CPU
		{C23F8CB4-B5C0-404E-BBC4-7C7FEDE6231F}.Release|Any CPU.Build.0 = Release|Any CPU
		{C23F8CB4-B5C0-404E-BBC4-7C7FEDE6231F}.Release|Any CPU.Deploy.0 = Release|Any CPU
	EndGlobalSection
	GlobalSection(SolutionProperties) = preSolution
		HideSolutionNode = FALSE
	EndGlobalSection
	GlobalSection(ExtensibilityGlobals) = postSolution
		SolutionGuid = {0F54A9D5-C28E-439F-B3D2-AB956E4D148D}
	EndGlobalSection
EndGlobal
